
Microsoft Visual Studio Solution File, Format Version 12.00
# Visual Studio 15
VisualStudioVersion = 15.0.27703.2047
MinimumVisualStudioVersion = 10.0.40219.1
Project("{FAE04EC0-301F-11D3-BF4B-00C04F79EFBC}") = "DesenvolvimentoWeb.Projeto01", "DesenvolvimentoWeb.Projeto01\DesenvolvimentoWeb.Projeto01.csproj", "{F6E20D03-1EC5-46D9-A14A-B42A1EAF750B}"
EndProject
Global
	GlobalSection(SolutionConfigurationPlatforms) = preSolution
		Debug|Any CPU = Debug|Any CPU
		Release|Any CPU = Release|Any CPU
	EndGlobalSection
	GlobalSection(ProjectConfigurationPlatforms) = postSolution
		{F6E20D03-1EC5-46D9-A14A-B42A1EAF750B}.Debug|Any CPU.ActiveCfg = Debug|Any CPU
		{F6E20D03-1EC5-46D9-A14A-B42A1EAF750B}.Debug|Any CPU.Build.0 = Debug|Any CPU
		{F6E20D03-1EC5-46D9-A14A-B42A1EAF750B}.Release|Any CPU.ActiveCfg = Release|Any CPU
		{F6E20D03-1EC5-46D9-A14A-B42A1EAF750B}.Release|Any CPU.Build.0 = Release|Any CPU
	EndGlobalSection
	GlobalSection(SolutionProperties) = preSolution
		HideSolutionNode = FALSE
	EndGlobalSection
	GlobalSection(ExtensibilityGlobals) = postSolution
		SolutionGuid = {952B0137-BCA3-471E-B265-F4F05E69D87F}
	EndGlobalSection
EndGlobal
